
Microsoft Visual Studio Solution File, Format Version 12.00
# Visual Studio 15
VisualStudioVersion = 15.0.26730.12
MinimumVisualStudioVersion = 10.0.40219.1
Project("{FAE04EC0-301F-11D3-BF4B-00C04F79EFBC}") = "netcore-consul-example", "netcore-consul-example\netcore-consul-example.csproj", "{F0D60E99-6B99-4336-9CD9-20625CB8A953}"
EndProject
Global
	GlobalSection(SolutionConfigurationPlatforms) = preSolution
		Debug|Any CPU = Debug|Any CPU
		Release|Any CPU = Release|Any CPU
	EndGlobalSection
	GlobalSection(ProjectConfigurationPlatforms) = postSolution
		{F0D60E99-6B99-4336-9CD9-20625CB8A953}.Debug|Any CPU.ActiveCfg = Debug|Any CPU
		{F0D60E99-6B99-4336-9CD9-20625CB8A953}.Debug|Any CPU.Build.0 = Debug|Any CPU
		{F0D60E99-6B99-4336-9CD9-20625CB8A953}.Release|Any CPU.ActiveCfg = Release|Any CPU
		{F0D60E99-6B99-4336-9CD9-20625CB8A953}.Release|Any CPU.Build.0 = Release|Any CPU
	EndGlobalSection
	GlobalSection(SolutionProperties) = preSolution
		HideSolutionNode = FALSE
	EndGlobalSection
	GlobalSection(ExtensibilityGlobals) = postSolution
		SolutionGuid = {F0F5709B-9BCF-48D3-BE39-976544531C7D}
	EndGlobalSection
EndGlobal
